
Microsoft Visual Studio Solution File, Format Version 12.00
# Visual Studio Version 17
VisualStudioVersion = 17.5.33530.505
MinimumVisualStudioVersion = 10.0.40219.1
Project("{FAE04EC0-301F-11D3-BF4B-00C04F79EFBC}") = "top.net", "top.net.csproj", "{76780525-A4F1-4414-A68A-D40ADD357FCD}"
EndProject
Global
	GlobalSection(SolutionConfigurationPlatforms) = preSolution
		Debug|Any CPU = Debug|Any CPU
		Release|Any CPU = Release|Any CPU
	EndGlobalSection
	GlobalSection(ProjectConfigurationPlatforms) = postSolution
		{76780525-A4F1-4414-A68A-D40ADD357FCD}.Debug|Any CPU.ActiveCfg = Debug|Any CPU
		{76780525-A4F1-4414-A68A-D40ADD357FCD}.Debug|Any CPU.Build.0 = Debug|Any CPU
		{76780525-A4F1-4414-A68A-D40ADD357FCD}.Release|Any CPU.ActiveCfg = Release|Any CPU
		{76780525-A4F1-4414-A68A-D40ADD357FCD}.Release|Any CPU.Build.0 = Release|Any CPU
	EndGlobalSection
	GlobalSection(SolutionProperties) = preSolution
		HideSolutionNode = FALSE
	EndGlobalSection
	GlobalSection(ExtensibilityGlobals) = postSolution
		SolutionGuid = {63B5D4DE-7156-4281-81CB-FE05FD3FE06B}
	EndGlobalSection
EndGlobal
